
Microsoft Visual Studio Solution File, Format Version 12.00
# Visual Studio Version 17
VisualStudioVersion = 17.0.31912.275
MinimumVisualStudioVersion = 10.0.40219.1
Project("{2150E333-8FDC-42A3-9474-1A3956D46DE8}") = ".sln", ".sln", "{A1A96555-15B1-4A0C-ADC1-059CEAA3F788}"
	ProjectSection(SolutionItems) = preProject
		.editorconfig = .editorconfig
		.gitattributes = .gitattributes
		.gitignore = .gitignore
		appveyor.yml = appveyor.yml
		azure-pipelines.yml = azure-pipelines.yml
	EndProjectSection
EndProject
Project("{2150E333-8FDC-42A3-9474-1A3956D46DE8}") = "docs", "docs", "{BAD2A4EE-6739-4830-BC74-2F8CF785A572}"
	ProjectSection(SolutionItems) = preProject
		documentation\IDISP001.md = documentation\IDISP001.md
		documentation\IDISP002.md = documentation\IDISP002.md
		documentation\IDISP003.md = documentation\IDISP003.md
		documentation\IDISP004.md = documentation\IDISP004.md
		documentation\IDISP005.md = documentation\IDISP005.md
		documentation\IDISP006.md = documentation\IDISP006.md
		documentation\IDISP007.md = documentation\IDISP007.md
		documentation\IDISP008.md = documentation\IDISP008.md
		documentation\IDISP009.md = documentation\IDISP009.md
		documentation\IDISP010.md = documentation\IDISP010.md
		documentation\IDISP011.md = documentation\IDISP011.md
		documentation\IDISP012.md = documentation\IDISP012.md
		documentation\IDISP013.md = documentation\IDISP013.md
		documentation\IDISP014.md = documentation\IDISP014.md
		documentation\IDISP015.md = documentation\IDISP015.md
		documentation\IDISP016.md = documentation\IDISP016.md
		documentation\IDISP017.md = documentation\IDISP017.md
		documentation\IDISP018.md = documentation\IDISP018.md
		documentation\IDISP019.md = documentation\IDISP019.md
		documentation\IDISP020.md = documentation\IDISP020.md
		documentation\IDISP021.md = documentation\IDISP021.md
		documentation\IDISP022.md = documentation\IDISP022.md
		documentation\IDISP023.md = documentation\IDISP023.md
		documentation\IDISP024.md = documentation\IDISP024.md
		documentation\IDISP025.md = documentation\IDISP025.md
		README.md = README.md
		RELEASE_NOTES.md = RELEASE_NOTES.md
		documentation\SyntaxTreeCacheAnalyzer.md = documentation\SyntaxTreeCacheAnalyzer.md
	EndProjectSection
EndProject
Project("{9A19103F-16F7-4668-BE54-9A1E7A4F7556}") = "IDisposableAnalyzers.Benchmarks", "IDisposableAnalyzers.Benchmarks\IDisposableAnalyzers.Benchmarks.csproj", "{DFBD789A-0F36-4691-8582-E3809E83A5EA}"
EndProject
Project("{9A19103F-16F7-4668-BE54-9A1E7A4F7556}") = "IDisposableAnalyzers.Test", "IDisposableAnalyzers.Test\IDisposableAnalyzers.Test.csproj", "{3EB54B68-A7AA-45E8-A97B-A0746712140B}"
EndProject
Project("{9A19103F-16F7-4668-BE54-9A1E7A4F7556}") = "IDisposableAnalyzers.Vsix", "IDisposableAnalyzers.Vsix\IDisposableAnalyzers.Vsix.csproj", "{BE3E8AFA-390E-4FD9-A4E9-A7FF246E8A0E}"
EndProject
Project("{9A19103F-16F7-4668-BE54-9A1E7A4F7556}") = "IDisposableAnalyzers", "IDisposableAnalyzers\IDisposableAnalyzers.csproj", "{18EB2A1B-98EA-4DCF-A97C-D9E8A5DA747B}"
EndProject
Project("{9A19103F-16F7-4668-BE54-9A1E7A4F7556}") = "IDisposableAnalyzers.Tests.Web", "IDisposableAnalyzers.Tests.Web\IDisposableAnalyzers.Tests.Web.csproj", "{8534B151-C831-4A31-B05B-7B2DAEA94033}"
EndProject
Project("{9A19103F-16F7-4668-BE54-9A1E7A4F7556}") = "ValidCode", "ValidCode\ValidCode.csproj", "{C6A235B1-A780-43D5-BA1F-E31861C019F5}"
EndProject
Project("{9A19103F-16F7-4668-BE54-9A1E7A4F7556}") = "ValidCode.Web", "ValidCode.Web\ValidCode.Web.csproj", "{2E2A331D-D45F-49E9-A4B7-FDF64367E2A5}"
EndProject
Global
	GlobalSection(SolutionConfigurationPlatforms) = preSolution
		Debug|Any CPU = Debug|Any CPU
		Release|Any CPU = Release|Any CPU
	EndGlobalSection
	GlobalSection(ProjectConfigurationPlatforms) = postSolution
		{DFBD789A-0F36-4691-8582-E3809E83A5EA}.Debug|Any CPU.ActiveCfg = Debug|Any CPU
		{DFBD789A-0F36-4691-8582-E3809E83A5EA}.Debug|Any CPU.Build.0 = Debug|Any CPU
		{DFBD789A-0F36-4691-8582-E3809E83A5EA}.Release|Any CPU.ActiveCfg = Release|Any CPU
		{DFBD789A-0F36-4691-8582-E3809E83A5EA}.Release|Any CPU.Build.0 = Release|Any CPU
		{3EB54B68-A7AA-45E8-A97B-A0746712140B}.Debug|Any CPU.ActiveCfg = Debug|Any CPU
		{3EB54B68-A7AA-45E8-A97B-A0746712140B}.Debug|Any CPU.Build.0 = Debug|Any CPU
		{3EB54B68-A7AA-45E8-A97B-A0746712140B}.Release|Any CPU.ActiveCfg = Release|Any CPU
		{3EB54B68-A7AA-45E8-A97B-A0746712140B}.Release|Any CPU.Build.0 = Release|Any CPU
		{BE3E8AFA-390E-4FD9-A4E9-A7FF246E8A0E}.Debug|Any CPU.ActiveCfg = Debug|Any CPU
		{BE3E8AFA-390E-4FD9-A4E9-A7FF246E8A0E}.Debug|Any CPU.Build.0 = Debug|Any CPU
		{BE3E8AFA-390E-4FD9-A4E9-A7FF246E8A0E}.Release|Any CPU.ActiveCfg = Release|Any CPU
		{BE3E8AFA-390E-4FD9-A4E9-A7FF246E8A0E}.Release|Any CPU.Build.0 = Release|Any CPU
		{18EB2A1B-98EA-4DCF-A97C-D9E8A5DA747B}.Debug|Any CPU.ActiveCfg = Debug|Any CPU
		{18EB2A1B-98EA-4DCF-A97C-D9E8A5DA747B}.Debug|Any CPU.Build.0 = Debug|Any CPU
		{18EB2A1B-98EA-4DCF-A97C-D9E8A5DA747B}.Release|Any CPU.ActiveCfg = Release|Any CPU
		{18EB2A1B-98EA-4DCF-A97C-D9E8A5DA747B}.Release|Any CPU.Build.0 = Release|Any CPU
		{8534B151-C831-4A31-B05B-7B2DAEA94033}.Debug|Any CPU.ActiveCfg = Debug|Any CPU
		{8534B151-C831-4A31-B05B-7B2DAEA94033}.Debug|Any CPU.Build.0 = Debug|Any CPU
		{8534B151-C831-4A31-B05B-7B2DAEA94033}.Release|Any CPU.ActiveCfg = Release|Any CPU
		{8534B151-C831-4A31-B05B-7B2DAEA94033}.Release|Any CPU.Build.0 = Release|Any CPU
		{C6A235B1-A780-43D5-BA1F-E31861C019F5}.Debug|Any CPU.ActiveCfg = Debug|Any CPU
		{C6A235B1-A780-43D5-BA1F-E31861C019F5}.Debug|Any CPU.Build.0 = Debug|Any CPU
		{C6A235B1-A780-43D5-BA1F-E31861C019F5}.Release|Any CPU.ActiveCfg = Release|Any CPU
		{C6A235B1-A780-43D5-BA1F-E31861C019F5}.Release|Any CPU.Build.0 = Release|Any CPU
		{2E2A331D-D45F-49E9-A4B7-FDF64367E2A5}.Debug|Any CPU.ActiveCfg = Debug|Any CPU
		{2E2A331D-D45F-49E9-A4B7-FDF64367E2A5}.Debug|Any CPU.Build.0 = Debug|Any CPU
		{2E2A331D-D45F-49E9-A4B7-FDF64367E2A5}.Release|Any CPU.ActiveCfg = Release|Any CPU
		{2E2A331D-D45F-49E9-A4B7-FDF64367E2A5}.Release|Any CPU.Build.0 = Release|Any CPU
	EndGlobalSection
	GlobalSection(SolutionProperties) = preSolution
		HideSolutionNode = FALSE
	EndGlobalSection
	GlobalSection(ExtensibilityGlobals) = postSolution
		SolutionGuid = {74906569-DBB4-4A2A-B83B-D200EB4BEF68}
	EndGlobalSection
EndGlobal
