
Microsoft Visual Studio Solution File, Format Version 12.00
# Visual Studio 15
VisualStudioVersion = 15.0.27130.2036
MinimumVisualStudioVersion = 10.0.40219.1
Project("{2150E333-8FDC-42A3-9474-1A3956D46DE8}") = ".paket", ".paket", "{A1A96555-15B1-4A0C-ADC1-059CEAA3F788}"
	ProjectSection(SolutionItems) = preProject
		.editorconfig = .editorconfig
		appveyor.yml = appveyor.yml
		paket.dependencies = paket.dependencies
		paket.lock = paket.lock
		.paket\paket.targets = .paket\paket.targets
		.paket\Readme.paket.md = .paket\Readme.paket.md
	EndProjectSection
EndProject
Project("{2150E333-8FDC-42A3-9474-1A3956D46DE8}") = "docs", "docs", "{BAD2A4EE-6739-4830-BC74-2F8CF785A572}"
	ProjectSection(SolutionItems) = preProject
		documentation\IDISP001.md = documentation\IDISP001.md
		documentation\IDISP002.md = documentation\IDISP002.md
		documentation\IDISP003.md = documentation\IDISP003.md
		documentation\IDISP004.md = documentation\IDISP004.md
		documentation\IDISP005.md = documentation\IDISP005.md
		documentation\IDISP006.md = documentation\IDISP006.md
		documentation\IDISP007.md = documentation\IDISP007.md
		documentation\IDISP008.md = documentation\IDISP008.md
		documentation\IDISP009.md = documentation\IDISP009.md
		documentation\IDISP010.md = documentation\IDISP010.md
		documentation\IDISP011.md = documentation\IDISP011.md
		documentation\IDISP012.md = documentation\IDISP012.md
		documentation\IDISP013.md = documentation\IDISP013.md
		documentation\IDISP014.md = documentation\IDISP014.md
		documentation\IDISP015.md = documentation\IDISP015.md
		documentation\IDISP016.md = documentation\IDISP016.md
		documentation\IDISP017.md = documentation\IDISP017.md
		README.md = README.md
		.paket\Readme.paket.md = .paket\Readme.paket.md
		RELEASE_NOTES.md = RELEASE_NOTES.md
		documentation\SemanticModelCacheAnalyzer.md = documentation\SemanticModelCacheAnalyzer.md
	EndProjectSection
EndProject
Project("{2150E333-8FDC-42A3-9474-1A3956D46DE8}") = "tools", "tools", "{AB970A83-4723-44EA-95EC-D591AF6EC75D}"
	ProjectSection(SolutionItems) = preProject
		.paket\tools\install.ps1 = .paket\tools\install.ps1
		.paket\tools\uninstall.ps1 = .paket\tools\uninstall.ps1
	EndProjectSection
EndProject
Project("{9A19103F-16F7-4668-BE54-9A1E7A4F7556}") = "IDisposableAnalyzers.Benchmarks", "IDisposableAnalyzers.Benchmarks\IDisposableAnalyzers.Benchmarks.csproj", "{DFBD789A-0F36-4691-8582-E3809E83A5EA}"
EndProject
Project("{9A19103F-16F7-4668-BE54-9A1E7A4F7556}") = "IDisposableAnalyzers.Test", "IDisposableAnalyzers.Test\IDisposableAnalyzers.Test.csproj", "{3EB54B68-A7AA-45E8-A97B-A0746712140B}"
EndProject
Project("{9A19103F-16F7-4668-BE54-9A1E7A4F7556}") = "IDisposableAnalyzers.Vsix", "IDisposableAnalyzers.Vsix\IDisposableAnalyzers.Vsix.csproj", "{BE3E8AFA-390E-4FD9-A4E9-A7FF246E8A0E}"
EndProject
Project("{9A19103F-16F7-4668-BE54-9A1E7A4F7556}") = "IDisposableAnalyzers", "IDisposableAnalyzers\IDisposableAnalyzers.csproj", "{18EB2A1B-98EA-4DCF-A97C-D9E8A5DA747B}"
EndProject
Project("{9A19103F-16F7-4668-BE54-9A1E7A4F7556}") = "IDisposableAnalyzers.NetCoreTests", "IDisposableAnalyzers.NetCoreTests\IDisposableAnalyzers.NetCoreTests.csproj", "{8534B151-C831-4A31-B05B-7B2DAEA94033}"
EndProject
Project("{9A19103F-16F7-4668-BE54-9A1E7A4F7556}") = "Stubs", "Stubs\Stubs.csproj", "{8CC16990-2621-4854-8556-ED648A2D360F}"
EndProject
Project("{9A19103F-16F7-4668-BE54-9A1E7A4F7556}") = "ValidCode", "ValidCode\ValidCode.csproj", "{C6A235B1-A780-43D5-BA1F-E31861C019F5}"
EndProject
Project("{FAE04EC0-301F-11D3-BF4B-00C04F79EFBC}") = "DisposableAnnotations", "DisposableAnnotations\DisposableAnnotations.csproj", "{D147BB16-EB5A-4412-B501-E0DD0AFDA353}"
EndProject
Global
	GlobalSection(SolutionConfigurationPlatforms) = preSolution
		Debug|Any CPU = Debug|Any CPU
		Release|Any CPU = Release|Any CPU
	EndGlobalSection
	GlobalSection(ProjectConfigurationPlatforms) = postSolution
		{DFBD789A-0F36-4691-8582-E3809E83A5EA}.Debug|Any CPU.ActiveCfg = Debug|Any CPU
		{DFBD789A-0F36-4691-8582-E3809E83A5EA}.Debug|Any CPU.Build.0 = Debug|Any CPU
		{DFBD789A-0F36-4691-8582-E3809E83A5EA}.Release|Any CPU.ActiveCfg = Release|Any CPU
		{DFBD789A-0F36-4691-8582-E3809E83A5EA}.Release|Any CPU.Build.0 = Release|Any CPU
		{3EB54B68-A7AA-45E8-A97B-A0746712140B}.Debug|Any CPU.ActiveCfg = Debug|Any CPU
		{3EB54B68-A7AA-45E8-A97B-A0746712140B}.Debug|Any CPU.Build.0 = Debug|Any CPU
		{3EB54B68-A7AA-45E8-A97B-A0746712140B}.Release|Any CPU.ActiveCfg = Release|Any CPU
		{3EB54B68-A7AA-45E8-A97B-A0746712140B}.Release|Any CPU.Build.0 = Release|Any CPU
		{BE3E8AFA-390E-4FD9-A4E9-A7FF246E8A0E}.Debug|Any CPU.ActiveCfg = Debug|Any CPU
		{BE3E8AFA-390E-4FD9-A4E9-A7FF246E8A0E}.Debug|Any CPU.Build.0 = Debug|Any CPU
		{BE3E8AFA-390E-4FD9-A4E9-A7FF246E8A0E}.Release|Any CPU.ActiveCfg = Release|Any CPU
		{BE3E8AFA-390E-4FD9-A4E9-A7FF246E8A0E}.Release|Any CPU.Build.0 = Release|Any CPU
		{18EB2A1B-98EA-4DCF-A97C-D9E8A5DA747B}.Debug|Any CPU.ActiveCfg = Debug|Any CPU
		{18EB2A1B-98EA-4DCF-A97C-D9E8A5DA747B}.Debug|Any CPU.Build.0 = Debug|Any CPU
		{18EB2A1B-98EA-4DCF-A97C-D9E8A5DA747B}.Release|Any CPU.ActiveCfg = Release|Any CPU
		{18EB2A1B-98EA-4DCF-A97C-D9E8A5DA747B}.Release|Any CPU.Build.0 = Release|Any CPU
		{8534B151-C831-4A31-B05B-7B2DAEA94033}.Debug|Any CPU.ActiveCfg = Debug|Any CPU
		{8534B151-C831-4A31-B05B-7B2DAEA94033}.Debug|Any CPU.Build.0 = Debug|Any CPU
		{8534B151-C831-4A31-B05B-7B2DAEA94033}.Release|Any CPU.ActiveCfg = Release|Any CPU
		{8534B151-C831-4A31-B05B-7B2DAEA94033}.Release|Any CPU.Build.0 = Release|Any CPU
		{8CC16990-2621-4854-8556-ED648A2D360F}.Debug|Any CPU.ActiveCfg = Debug|Any CPU
		{8CC16990-2621-4854-8556-ED648A2D360F}.Debug|Any CPU.Build.0 = Debug|Any CPU
		{8CC16990-2621-4854-8556-ED648A2D360F}.Release|Any CPU.ActiveCfg = Release|Any CPU
		{8CC16990-2621-4854-8556-ED648A2D360F}.Release|Any CPU.Build.0 = Release|Any CPU
		{C6A235B1-A780-43D5-BA1F-E31861C019F5}.Debug|Any CPU.ActiveCfg = Debug|Any CPU
		{C6A235B1-A780-43D5-BA1F-E31861C019F5}.Debug|Any CPU.Build.0 = Debug|Any CPU
		{C6A235B1-A780-43D5-BA1F-E31861C019F5}.Release|Any CPU.ActiveCfg = Release|Any CPU
		{C6A235B1-A780-43D5-BA1F-E31861C019F5}.Release|Any CPU.Build.0 = Release|Any CPU
		{D147BB16-EB5A-4412-B501-E0DD0AFDA353}.Debug|Any CPU.ActiveCfg = Debug|Any CPU
		{D147BB16-EB5A-4412-B501-E0DD0AFDA353}.Debug|Any CPU.Build.0 = Debug|Any CPU
		{D147BB16-EB5A-4412-B501-E0DD0AFDA353}.Release|Any CPU.ActiveCfg = Release|Any CPU
		{D147BB16-EB5A-4412-B501-E0DD0AFDA353}.Release|Any CPU.Build.0 = Release|Any CPU
	EndGlobalSection
	GlobalSection(SolutionProperties) = preSolution
		HideSolutionNode = FALSE
	EndGlobalSection
	GlobalSection(NestedProjects) = preSolution
		{AB970A83-4723-44EA-95EC-D591AF6EC75D} = {A1A96555-15B1-4A0C-ADC1-059CEAA3F788}
	EndGlobalSection
	GlobalSection(ExtensibilityGlobals) = postSolution
		SolutionGuid = {74906569-DBB4-4A2A-B83B-D200EB4BEF68}
	EndGlobalSection
EndGlobal
